
Microsoft Visual Studio Solution File, Format Version 12.00
# Visual Studio Version 17
VisualStudioVersion = 17.10.35013.160
MinimumVisualStudioVersion = 10.0.40219.1
Project("{FAE04EC0-301F-11D3-BF4B-00C04F79EFBC}") = "AppsettingsEdition", "AppsettingsEdition\AppsettingsEdition.csproj", "{D9850C39-1B03-490C-AAA9-1301E9CF2295}"
EndProject
Global
	GlobalSection(SolutionConfigurationPlatforms) = preSolution
		Debug|Any CPU = Debug|Any CPU
		Release|Any CPU = Release|Any CPU
	EndGlobalSection
	GlobalSection(ProjectConfigurationPlatforms) = postSolution
		{D9850C39-1B03-490C-AAA9-1301E9CF2295}.Debug|Any CPU.ActiveCfg = Debug|Any CPU
		{D9850C39-1B03-490C-AAA9-1301E9CF2295}.Debug|Any CPU.Build.0 = Debug|Any CPU
		{D9850C39-1B03-490C-AAA9-1301E9CF2295}.Release|Any CPU.ActiveCfg = Release|Any CPU
		{D9850C39-1B03-490C-AAA9-1301E9CF2295}.Release|Any CPU.Build.0 = Release|Any CPU
	EndGlobalSection
	GlobalSection(SolutionProperties) = preSolution
		HideSolutionNode = FALSE
	EndGlobalSection
	GlobalSection(ExtensibilityGlobals) = postSolution
		SolutionGuid = {05802382-2B00-4410-9D94-675AD04B7AF7}
	EndGlobalSection
EndGlobal
